// !$*UTF8*$!
{
	archiveVersion = 1;
	classes = {
	};
	objectVersion = 77;
	objects = {

/* Begin PBXBuildFile section */
		993A1F502E267E0C0059B70A /* Preview Assets.xcassets in Resources */ = {isa = PBXBuildFile; fileRef = 993A1F4A2E267E0C0059B70A /* Preview Assets.xcassets */; };
		993A1F512E267E0C0059B70A /* Assets.xcassets in Resources */ = {isa = PBXBuildFile; fileRef = 993A1F4C2E267E0C0059B70A /* Assets.xcassets */; };
		993A1F522E267E0C0059B70A /* sample-video.mov in Resources */ = {isa = PBXBuildFile; fileRef = 993A1F4D2E267E0C0059B70A /* sample-video.mov */; };
		993A1F532E267E0C0059B70A /* ChalkakApp.swift in Sources */ = {isa = PBXBuildFile; fileRef = 993A1F0D2E267E0C0059B70A /* ChalkakApp.swift */; };
		993A1F542E267E0C0059B70A /* CameraManager.swift in Sources */ = {isa = PBXBuildFile; fileRef = 993A1F0F2E267E0C0059B70A /* CameraManager.swift */; };
		993A1F552E267E0C0059B70A /* BoundingBoxManager.swift in Sources */ = {isa = PBXBuildFile; fileRef = 993A1F112E267E0C0059B70A /* BoundingBoxManager.swift */; };
		993A1F562E267E0C0059B70A /* CameraHeightManager.swift in Sources */ = {isa = PBXBuildFile; fileRef = 993A1F132E267E0C0059B70A /* CameraHeightManager.swift */; };
		993A1F572E267E0C0059B70A /* HeightFeedbackView.swift in Sources */ = {isa = PBXBuildFile; fileRef = 993A1F142E267E0C0059B70A /* HeightFeedbackView.swift */; };
		993A1F582E267E0C0059B70A /* HeightMeasurementARView.swift in Sources */ = {isa = PBXBuildFile; fileRef = 993A1F152E267E0C0059B70A /* HeightMeasurementARView.swift */; };
		993A1F592E267E0C0059B70A /* OverlayManager.swift in Sources */ = {isa = PBXBuildFile; fileRef = 993A1F172E267E0C0059B70A /* OverlayManager.swift */; };
		993A1F5A2E267E0C0059B70A /* CameraTiltManager.swift in Sources */ = {isa = PBXBuildFile; fileRef = 993A1F192E267E0C0059B70A /* CameraTiltManager.swift */; };
		993A1F5B2E267E0C0059B70A /* TiltDataCollector.swift in Sources */ = {isa = PBXBuildFile; fileRef = 993A1F1A2E267E0C0059B70A /* TiltDataCollector.swift */; };
		993A1F5C2E267E0C0059B70A /* TiltFeedbackView.swift in Sources */ = {isa = PBXBuildFile; fileRef = 993A1F1B2E267E0C0059B70A /* TiltFeedbackView.swift */; };
		993A1F5D2E267E0C0059B70A /* VideoFrameExtractor.swift in Sources */ = {isa = PBXBuildFile; fileRef = 993A1F1E2E267E0C0059B70A /* VideoFrameExtractor.swift */; };
		993A1F5E2E267E0C0059B70A /* VideoManager.swift in Sources */ = {isa = PBXBuildFile; fileRef = 993A1F1F2E267E0C0059B70A /* VideoManager.swift */; };
		993A1F5F2E267E0C0059B70A /* Clip.swift in Sources */ = {isa = PBXBuildFile; fileRef = 993A1F222E267E0C0059B70A /* Clip.swift */; };
		993A1F602E267E0C0059B70A /* Guide.swift in Sources */ = {isa = PBXBuildFile; fileRef = 993A1F232E267E0C0059B70A /* Guide.swift */; };
		993A1F612E267E0C0059B70A /* Project.swift in Sources */ = {isa = PBXBuildFile; fileRef = 993A1F242E267E0C0059B70A /* Project.swift */; };
		993A1F622E267E0C0059B70A /* Tilt.swift in Sources */ = {isa = PBXBuildFile; fileRef = 993A1F252E267E0C0059B70A /* Tilt.swift */; };
		993A1F632E267E0C0059B70A /* SwiftDataManager.swift in Sources */ = {isa = PBXBuildFile; fileRef = 993A1F272E267E0C0059B70A /* SwiftDataManager.swift */; };
		993A1F642E267E0C0059B70A /* TimerOptions.swift in Sources */ = {isa = PBXBuildFile; fileRef = 993A1F292E267E0C0059B70A /* TimerOptions.swift */; };
		993A1F652E267E0C0059B70A /* CameraPreviewView.swift in Sources */ = {isa = PBXBuildFile; fileRef = 993A1F2B2E267E0C0059B70A /* CameraPreviewView.swift */; };
		993A1F662E267E0C0059B70A /* CameraBaseFeatureSelectView.swift in Sources */ = {isa = PBXBuildFile; fileRef = 993A1F2D2E267E0C0059B70A /* CameraBaseFeatureSelectView.swift */; };
		993A1F672E267E0C0059B70A /* CameraBottomControlView.swift in Sources */ = {isa = PBXBuildFile; fileRef = 993A1F2E2E267E0C0059B70A /* CameraBottomControlView.swift */; };
		993A1F682E267E0C0059B70A /* CameraDefaultTopControlView.swift in Sources */ = {isa = PBXBuildFile; fileRef = 993A1F2F2E267E0C0059B70A /* CameraDefaultTopControlView.swift */; };
		993A1F692E267E0C0059B70A /* CameraRecordView.swift in Sources */ = {isa = PBXBuildFile; fileRef = 993A1F302E267E0C0059B70A /* CameraRecordView.swift */; };
		993A1F6A2E267E0C0059B70A /* CameraTopControlView.swift in Sources */ = {isa = PBXBuildFile; fileRef = 993A1F312E267E0C0059B70A /* CameraTopControlView.swift */; };
		993A1F6B2E267E0C0059B70A /* CircleIconButton.swift in Sources */ = {isa = PBXBuildFile; fileRef = 993A1F322E267E0C0059B70A /* CircleIconButton.swift */; };
		993A1F6C2E267E0C0059B70A /* TimerOptionSelectView.swift in Sources */ = {isa = PBXBuildFile; fileRef = 993A1F332E267E0C0059B70A /* TimerOptionSelectView.swift */; };
		993A1F6D2E267E0C0059B70A /* ZoomSlider.swift in Sources */ = {isa = PBXBuildFile; fileRef = 993A1F342E267E0C0059B70A /* ZoomSlider.swift */; };
		993A1F6E2E267E0C0059B70A /* CameraView.swift in Sources */ = {isa = PBXBuildFile; fileRef = 993A1F362E267E0C0059B70A /* CameraView.swift */; };
		993A1F6F2E267E0C0059B70A /* CameraViewModel.swift in Sources */ = {isa = PBXBuildFile; fileRef = 993A1F372E267E0C0059B70A /* CameraViewModel.swift */; };
		993A1F702E267E0C0059B70A /* ShootState.swift in Sources */ = {isa = PBXBuildFile; fileRef = 993A1F382E267E0C0059B70A /* ShootState.swift */; };
		993A1F712E267E0C0059B70A /* OverlayDisplayView.swift in Sources */ = {isa = PBXBuildFile; fileRef = 993A1F3A2E267E0C0059B70A /* OverlayDisplayView.swift */; };
		993A1F722E267E0C0059B70A /* OverlayView.swift in Sources */ = {isa = PBXBuildFile; fileRef = 993A1F3B2E267E0C0059B70A /* OverlayView.swift */; };
		993A1F732E267E0C0059B70A /* OverlayViewModel.swift in Sources */ = {isa = PBXBuildFile; fileRef = 993A1F3C2E267E0C0059B70A /* OverlayViewModel.swift */; };
		993A1F742E267E0C0059B70A /* TrimmingControlView.swift in Sources */ = {isa = PBXBuildFile; fileRef = 993A1F3E2E267E0C0059B70A /* TrimmingControlView.swift */; };
		993A1F752E267E0C0059B70A /* TrimmingLineView.swift in Sources */ = {isa = PBXBuildFile; fileRef = 993A1F3F2E267E0C0059B70A /* TrimmingLineView.swift */; };
		993A1F762E267E0C0059B70A /* TrimmingTimeDisplay.swift in Sources */ = {isa = PBXBuildFile; fileRef = 993A1F402E267E0C0059B70A /* TrimmingTimeDisplay.swift */; };
		993A1F772E267E0C0059B70A /* VideoPreviewView.swift in Sources */ = {isa = PBXBuildFile; fileRef = 993A1F412E267E0C0059B70A /* VideoPreviewView.swift */; };
		993A1F782E267E0C0059B70A /* ClipEditView.swift in Sources */ = {isa = PBXBuildFile; fileRef = 993A1F432E267E0C0059B70A /* ClipEditView.swift */; };
		993A1F792E267E0C0059B70A /* ClipEditViewModel.swift in Sources */ = {isa = PBXBuildFile; fileRef = 993A1F442E267E0C0059B70A /* ClipEditViewModel.swift */; };
		993A1F7A2E267E0C0059B70A /* ProjectPreviewView.swift in Sources */ = {isa = PBXBuildFile; fileRef = 993A1F462E267E0C0059B70A /* ProjectPreviewView.swift */; };
		993A1F7B2E267E0C0059B70A /* ProjectPreviewViewModel.swift in Sources */ = {isa = PBXBuildFile; fileRef = 993A1F472E267E0C0059B70A /* ProjectPreviewViewModel.swift */; };
		993A1F7E2E267E0C0059B70A /* ChalkakTests.swift in Sources */ = {isa = PBXBuildFile; fileRef = 993A1F7C2E267E0C0059B70A /* ChalkakTests.swift */; };
		993A1F822E267E0C0059B70A /* ChalkakUITests.swift in Sources */ = {isa = PBXBuildFile; fileRef = 993A1F7F2E267E0C0059B70A /* ChalkakUITests.swift */; };
		993A1F832E267E0C0059B70A /* ChalkakUITestsLaunchTests.swift in Sources */ = {isa = PBXBuildFile; fileRef = 993A1F802E267E0C0059B70A /* ChalkakUITestsLaunchTests.swift */; };
		993A217B2E26A07C0059B70A /* BoundingBoxView.swift in Sources */ = {isa = PBXBuildFile; fileRef = 993A217A2E26A0760059B70A /* BoundingBoxView.swift */; };
		993A217D2E26A0870059B70A /* BoundingBoxViewModel.swift in Sources */ = {isa = PBXBuildFile; fileRef = 993A217C2E26A0810059B70A /* BoundingBoxViewModel.swift */; };
		993A21822E26ABAC0059B70A /* Array + Ext.swift in Sources */ = {isa = PBXBuildFile; fileRef = 993A21812E26ABA70059B70A /* Array + Ext.swift */; };
		999992472E2D869C00D56BD1 /* BoundingBoxInfo.swift in Sources */ = {isa = PBXBuildFile; fileRef = 999992462E2D869400D56BD1 /* BoundingBoxInfo.swift */; };
		9999924B2E2D8ED600D56BD1 /* UserDefaultKey.swift in Sources */ = {isa = PBXBuildFile; fileRef = 9999924A2E2D8ED100D56BD1 /* UserDefaultKey.swift */; };
		99C7266A2E2F068800E9D0CD /* FirstShootCameraView.swift in Sources */ = {isa = PBXBuildFile; fileRef = 99C726692E2F068200E9D0CD /* FirstShootCameraView.swift */; };
		99C7266C2E2F06A200E9D0CD /* GuideCameraView.swift in Sources */ = {isa = PBXBuildFile; fileRef = 99C7266B2E2F069B00E9D0CD /* GuideCameraView.swift */; };
		99C93A0A2E27BADE00F42541 /* Coordinator.swift in Sources */ = {isa = PBXBuildFile; fileRef = 99C93A092E27BADB00F42541 /* Coordinator.swift */; };
		99C93A0E2E27BB0700F42541 /* Path.swift in Sources */ = {isa = PBXBuildFile; fileRef = 99C93A0D2E27BB0300F42541 /* Path.swift */; };
		99C93A3B2E2B740300F42541 /* CameraSetting.swift in Sources */ = {isa = PBXBuildFile; fileRef = 99C93A3A2E2B73FD00F42541 /* CameraSetting.swift */; };
		99C93A3D2E2B998600F42541 /* UIImage + Ext.swift in Sources */ = {isa = PBXBuildFile; fileRef = 99C93A3C2E2B998100F42541 /* UIImage + Ext.swift */; };
		C5C12EA02E2FED5A00C4DC6D /* ButtonStyler.swift in Sources */ = {isa = PBXBuildFile; fileRef = C5C12E9F2E2FED5500C4DC6D /* ButtonStyler.swift */; };
		C5C12EA22E2FEE1C00C4DC6D /* SnappieButton.swift in Sources */ = {isa = PBXBuildFile; fileRef = C5C12EA12E2FEE1C00C4DC6D /* SnappieButton.swift */; };
		C5C12EA42E31CDFB00C4DC6D /* SnappieButtonStyle.swift in Sources */ = {isa = PBXBuildFile; fileRef = C5C12EA32E31CDFB00C4DC6D /* SnappieButtonStyle.swift */; };
		C5C12EA62E32214000C4DC6D /* ButtonIcon.swift in Sources */ = {isa = PBXBuildFile; fileRef = C5C12EA52E32214000C4DC6D /* ButtonIcon.swift */; };
		C5C12EA82E3227D100C4DC6D /* ButtonGlass.swift in Sources */ = {isa = PBXBuildFile; fileRef = C5C12EA72E3227D100C4DC6D /* ButtonGlass.swift */; };
		C5C12EAA2E325A1800C4DC6D /* SolidButtonStyler.swift in Sources */ = {isa = PBXBuildFile; fileRef = C5C12EA92E325A1800C4DC6D /* SolidButtonStyler.swift */; };
		C5C12EAC2E325A3B00C4DC6D /* IconButtonStyler.swift in Sources */ = {isa = PBXBuildFile; fileRef = C5C12EAB2E325A3B00C4DC6D /* IconButtonStyler.swift */; };
		C5C12EAE2E325A5800C4DC6D /* GlassButtonStyler.swift in Sources */ = {isa = PBXBuildFile; fileRef = C5C12EAD2E325A5800C4DC6D /* GlassButtonStyler.swift */; };
		C5F7B69C2E2EB25F0066B59C /* Icon.swift in Sources */ = {isa = PBXBuildFile; fileRef = C5F7B69B2E2EB25F0066B59C /* Icon.swift */; };
		C5F7B69F2E2EB7AB0066B59C /* IconView.swift in Sources */ = {isa = PBXBuildFile; fileRef = C5F7B69E2E2EB7AB0066B59C /* IconView.swift */; };
		C5F7B6A12E2F6A2A0066B59C /* ButtonSolid.swift in Sources */ = {isa = PBXBuildFile; fileRef = C5F7B6A02E2F6A2A0066B59C /* ButtonSolid.swift */; };
		C5F7B6A32E2F6AD20066B59C /* ButtonStyleType.swift in Sources */ = {isa = PBXBuildFile; fileRef = C5F7B6A22E2F6AD20066B59C /* ButtonStyleType.swift */; };
		B6AB62AE2E2E8DBE00207590 /* TorchMode.swift in Sources */ = {isa = PBXBuildFile; fileRef = B6AB62AD2E2E8B7700207590 /* TorchMode.swift */; };
		C5FB3EBD2E26AA0700A4C1BE /* VideoMerger.swift in Sources */ = {isa = PBXBuildFile; fileRef = C5FB3EBC2E26AA0700A4C1BE /* VideoMerger.swift */; };
		C5FB3EBF2E277CAA00A4C1BE /* VideoLoader.swift in Sources */ = {isa = PBXBuildFile; fileRef = C5FB3EBE2E277CAA00A4C1BE /* VideoLoader.swift */; };
		C5FB3EC12E28F11100A4C1BE /* PhotoLibrarySaver.swift in Sources */ = {isa = PBXBuildFile; fileRef = C5FB3EC02E28F11100A4C1BE /* PhotoLibrarySaver.swift */; };
		C5FB3EC42E2E0E6700A4C1BE /* KronaOne-Regular.ttf in Resources */ = {isa = PBXBuildFile; fileRef = C5FB3EC32E2E0E6700A4C1BE /* KronaOne-Regular.ttf */; };
		C5FB3EC52E2E0E6700A4C1BE /* KronaOne-Regular.ttf in Resources */ = {isa = PBXBuildFile; fileRef = C5FB3EC32E2E0E6700A4C1BE /* KronaOne-Regular.ttf */; };
		C5FB3EC62E2E0E6700A4C1BE /* KronaOne-Regular.ttf in Resources */ = {isa = PBXBuildFile; fileRef = C5FB3EC32E2E0E6700A4C1BE /* KronaOne-Regular.ttf */; };
		C5FB3EC82E2E110500A4C1BE /* SnappieFont.swift in Sources */ = {isa = PBXBuildFile; fileRef = C5FB3EC72E2E110500A4C1BE /* SnappieFont.swift */; };
		C5FB3ECE2E2E1C1200A4C1BE /* SnappieColor.swift in Sources */ = {isa = PBXBuildFile; fileRef = C5FB3ECD2E2E1C1200A4C1BE /* SnappieColor.swift */; };
		C5FB3ED12E2E8EAF00A4C1BE /* Text + Ext.swift in Sources */ = {isa = PBXBuildFile; fileRef = C5FB3ED02E2E8EAF00A4C1BE /* Text + Ext.swift */; };
/* End PBXBuildFile section */

/* Begin PBXContainerItemProxy section */
		993A1CD72E2049D60059B70A /* PBXContainerItemProxy */ = {
			isa = PBXContainerItemProxy;
			containerPortal = 993A1CBE2E2049D50059B70A /* Project object */;
			proxyType = 1;
			remoteGlobalIDString = 993A1CC52E2049D50059B70A;
			remoteInfo = Chalkak;
		};
		993A1CE12E2049D60059B70A /* PBXContainerItemProxy */ = {
			isa = PBXContainerItemProxy;
			containerPortal = 993A1CBE2E2049D50059B70A /* Project object */;
			proxyType = 1;
			remoteGlobalIDString = 993A1CC52E2049D50059B70A;
			remoteInfo = Chalkak;
		};
/* End PBXContainerItemProxy section */

/* Begin PBXFileReference section */
		993A1CC62E2049D50059B70A /* Chalkak.app */ = {isa = PBXFileReference; explicitFileType = wrapper.application; includeInIndex = 0; path = Chalkak.app; sourceTree = BUILT_PRODUCTS_DIR; };
		993A1CD62E2049D60059B70A /* ChalkakTests.xctest */ = {isa = PBXFileReference; explicitFileType = wrapper.cfbundle; includeInIndex = 0; path = ChalkakTests.xctest; sourceTree = BUILT_PRODUCTS_DIR; };
		993A1CE02E2049D60059B70A /* ChalkakUITests.xctest */ = {isa = PBXFileReference; explicitFileType = wrapper.cfbundle; includeInIndex = 0; path = ChalkakUITests.xctest; sourceTree = BUILT_PRODUCTS_DIR; };
		993A1F0D2E267E0C0059B70A /* ChalkakApp.swift */ = {isa = PBXFileReference; lastKnownFileType = sourcecode.swift; path = ChalkakApp.swift; sourceTree = "<group>"; };
		993A1F0F2E267E0C0059B70A /* CameraManager.swift */ = {isa = PBXFileReference; lastKnownFileType = sourcecode.swift; path = CameraManager.swift; sourceTree = "<group>"; };
		993A1F112E267E0C0059B70A /* BoundingBoxManager.swift */ = {isa = PBXFileReference; lastKnownFileType = sourcecode.swift; path = BoundingBoxManager.swift; sourceTree = "<group>"; };
		993A1F132E267E0C0059B70A /* CameraHeightManager.swift */ = {isa = PBXFileReference; lastKnownFileType = sourcecode.swift; path = CameraHeightManager.swift; sourceTree = "<group>"; };
		993A1F142E267E0C0059B70A /* HeightFeedbackView.swift */ = {isa = PBXFileReference; lastKnownFileType = sourcecode.swift; path = HeightFeedbackView.swift; sourceTree = "<group>"; };
		993A1F152E267E0C0059B70A /* HeightMeasurementARView.swift */ = {isa = PBXFileReference; lastKnownFileType = sourcecode.swift; path = HeightMeasurementARView.swift; sourceTree = "<group>"; };
		993A1F172E267E0C0059B70A /* OverlayManager.swift */ = {isa = PBXFileReference; lastKnownFileType = sourcecode.swift; path = OverlayManager.swift; sourceTree = "<group>"; };
		993A1F192E267E0C0059B70A /* CameraTiltManager.swift */ = {isa = PBXFileReference; lastKnownFileType = sourcecode.swift; path = CameraTiltManager.swift; sourceTree = "<group>"; };
		993A1F1A2E267E0C0059B70A /* TiltDataCollector.swift */ = {isa = PBXFileReference; lastKnownFileType = sourcecode.swift; path = TiltDataCollector.swift; sourceTree = "<group>"; };
		993A1F1B2E267E0C0059B70A /* TiltFeedbackView.swift */ = {isa = PBXFileReference; lastKnownFileType = sourcecode.swift; path = TiltFeedbackView.swift; sourceTree = "<group>"; };
		993A1F1E2E267E0C0059B70A /* VideoFrameExtractor.swift */ = {isa = PBXFileReference; lastKnownFileType = sourcecode.swift; path = VideoFrameExtractor.swift; sourceTree = "<group>"; };
		993A1F1F2E267E0C0059B70A /* VideoManager.swift */ = {isa = PBXFileReference; lastKnownFileType = sourcecode.swift; path = VideoManager.swift; sourceTree = "<group>"; };
		993A1F222E267E0C0059B70A /* Clip.swift */ = {isa = PBXFileReference; lastKnownFileType = sourcecode.swift; path = Clip.swift; sourceTree = "<group>"; };
		993A1F232E267E0C0059B70A /* Guide.swift */ = {isa = PBXFileReference; lastKnownFileType = sourcecode.swift; path = Guide.swift; sourceTree = "<group>"; };
		993A1F242E267E0C0059B70A /* Project.swift */ = {isa = PBXFileReference; lastKnownFileType = sourcecode.swift; path = Project.swift; sourceTree = "<group>"; };
		993A1F252E267E0C0059B70A /* Tilt.swift */ = {isa = PBXFileReference; lastKnownFileType = sourcecode.swift; path = Tilt.swift; sourceTree = "<group>"; };
		993A1F272E267E0C0059B70A /* SwiftDataManager.swift */ = {isa = PBXFileReference; lastKnownFileType = sourcecode.swift; path = SwiftDataManager.swift; sourceTree = "<group>"; };
		993A1F292E267E0C0059B70A /* TimerOptions.swift */ = {isa = PBXFileReference; lastKnownFileType = sourcecode.swift; path = TimerOptions.swift; sourceTree = "<group>"; };
		993A1F2B2E267E0C0059B70A /* CameraPreviewView.swift */ = {isa = PBXFileReference; lastKnownFileType = sourcecode.swift; path = CameraPreviewView.swift; sourceTree = "<group>"; };
		993A1F2D2E267E0C0059B70A /* CameraBaseFeatureSelectView.swift */ = {isa = PBXFileReference; lastKnownFileType = sourcecode.swift; path = CameraBaseFeatureSelectView.swift; sourceTree = "<group>"; };
		993A1F2E2E267E0C0059B70A /* CameraBottomControlView.swift */ = {isa = PBXFileReference; lastKnownFileType = sourcecode.swift; path = CameraBottomControlView.swift; sourceTree = "<group>"; };
		993A1F2F2E267E0C0059B70A /* CameraDefaultTopControlView.swift */ = {isa = PBXFileReference; lastKnownFileType = sourcecode.swift; path = CameraDefaultTopControlView.swift; sourceTree = "<group>"; };
		993A1F302E267E0C0059B70A /* CameraRecordView.swift */ = {isa = PBXFileReference; lastKnownFileType = sourcecode.swift; path = CameraRecordView.swift; sourceTree = "<group>"; };
		993A1F312E267E0C0059B70A /* CameraTopControlView.swift */ = {isa = PBXFileReference; lastKnownFileType = sourcecode.swift; path = CameraTopControlView.swift; sourceTree = "<group>"; };
		993A1F322E267E0C0059B70A /* CircleIconButton.swift */ = {isa = PBXFileReference; lastKnownFileType = sourcecode.swift; path = CircleIconButton.swift; sourceTree = "<group>"; };
		993A1F332E267E0C0059B70A /* TimerOptionSelectView.swift */ = {isa = PBXFileReference; lastKnownFileType = sourcecode.swift; path = TimerOptionSelectView.swift; sourceTree = "<group>"; };
		993A1F342E267E0C0059B70A /* ZoomSlider.swift */ = {isa = PBXFileReference; lastKnownFileType = sourcecode.swift; path = ZoomSlider.swift; sourceTree = "<group>"; };
		993A1F362E267E0C0059B70A /* CameraView.swift */ = {isa = PBXFileReference; lastKnownFileType = sourcecode.swift; path = CameraView.swift; sourceTree = "<group>"; };
		993A1F372E267E0C0059B70A /* CameraViewModel.swift */ = {isa = PBXFileReference; lastKnownFileType = sourcecode.swift; path = CameraViewModel.swift; sourceTree = "<group>"; };
		993A1F382E267E0C0059B70A /* ShootState.swift */ = {isa = PBXFileReference; lastKnownFileType = sourcecode.swift; path = ShootState.swift; sourceTree = "<group>"; };
		993A1F3A2E267E0C0059B70A /* OverlayDisplayView.swift */ = {isa = PBXFileReference; lastKnownFileType = sourcecode.swift; path = OverlayDisplayView.swift; sourceTree = "<group>"; };
		993A1F3B2E267E0C0059B70A /* OverlayView.swift */ = {isa = PBXFileReference; lastKnownFileType = sourcecode.swift; path = OverlayView.swift; sourceTree = "<group>"; };
		993A1F3C2E267E0C0059B70A /* OverlayViewModel.swift */ = {isa = PBXFileReference; lastKnownFileType = sourcecode.swift; path = OverlayViewModel.swift; sourceTree = "<group>"; };
		993A1F3E2E267E0C0059B70A /* TrimmingControlView.swift */ = {isa = PBXFileReference; lastKnownFileType = sourcecode.swift; path = TrimmingControlView.swift; sourceTree = "<group>"; };
		993A1F3F2E267E0C0059B70A /* TrimmingLineView.swift */ = {isa = PBXFileReference; lastKnownFileType = sourcecode.swift; path = TrimmingLineView.swift; sourceTree = "<group>"; };
		993A1F402E267E0C0059B70A /* TrimmingTimeDisplay.swift */ = {isa = PBXFileReference; lastKnownFileType = sourcecode.swift; path = TrimmingTimeDisplay.swift; sourceTree = "<group>"; };
		993A1F412E267E0C0059B70A /* VideoPreviewView.swift */ = {isa = PBXFileReference; lastKnownFileType = sourcecode.swift; path = VideoPreviewView.swift; sourceTree = "<group>"; };
		993A1F432E267E0C0059B70A /* ClipEditView.swift */ = {isa = PBXFileReference; lastKnownFileType = sourcecode.swift; path = ClipEditView.swift; sourceTree = "<group>"; };
		993A1F442E267E0C0059B70A /* ClipEditViewModel.swift */ = {isa = PBXFileReference; lastKnownFileType = sourcecode.swift; path = ClipEditViewModel.swift; sourceTree = "<group>"; };
		993A1F462E267E0C0059B70A /* ProjectPreviewView.swift */ = {isa = PBXFileReference; lastKnownFileType = sourcecode.swift; path = ProjectPreviewView.swift; sourceTree = "<group>"; };
		993A1F472E267E0C0059B70A /* ProjectPreviewViewModel.swift */ = {isa = PBXFileReference; lastKnownFileType = sourcecode.swift; path = ProjectPreviewViewModel.swift; sourceTree = "<group>"; };
		993A1F4A2E267E0C0059B70A /* Preview Assets.xcassets */ = {isa = PBXFileReference; lastKnownFileType = folder.assetcatalog; path = "Preview Assets.xcassets"; sourceTree = "<group>"; };
		993A1F4C2E267E0C0059B70A /* Assets.xcassets */ = {isa = PBXFileReference; lastKnownFileType = folder.assetcatalog; path = Assets.xcassets; sourceTree = "<group>"; };
		993A1F4D2E267E0C0059B70A /* sample-video.mov */ = {isa = PBXFileReference; lastKnownFileType = video.quicktime; path = "sample-video.mov"; sourceTree = "<group>"; };
		993A1F7C2E267E0C0059B70A /* ChalkakTests.swift */ = {isa = PBXFileReference; lastKnownFileType = sourcecode.swift; path = ChalkakTests.swift; sourceTree = "<group>"; };
		993A1F7F2E267E0C0059B70A /* ChalkakUITests.swift */ = {isa = PBXFileReference; lastKnownFileType = sourcecode.swift; path = ChalkakUITests.swift; sourceTree = "<group>"; };
		993A1F802E267E0C0059B70A /* ChalkakUITestsLaunchTests.swift */ = {isa = PBXFileReference; lastKnownFileType = sourcecode.swift; path = ChalkakUITestsLaunchTests.swift; sourceTree = "<group>"; };
		993A217A2E26A0760059B70A /* BoundingBoxView.swift */ = {isa = PBXFileReference; lastKnownFileType = sourcecode.swift; path = BoundingBoxView.swift; sourceTree = "<group>"; };
		993A217C2E26A0810059B70A /* BoundingBoxViewModel.swift */ = {isa = PBXFileReference; lastKnownFileType = sourcecode.swift; path = BoundingBoxViewModel.swift; sourceTree = "<group>"; };
		993A21812E26ABA70059B70A /* Array + Ext.swift */ = {isa = PBXFileReference; lastKnownFileType = sourcecode.swift; path = "Array + Ext.swift"; sourceTree = "<group>"; };
		999992462E2D869400D56BD1 /* BoundingBoxInfo.swift */ = {isa = PBXFileReference; lastKnownFileType = sourcecode.swift; path = BoundingBoxInfo.swift; sourceTree = "<group>"; };
		9999924A2E2D8ED100D56BD1 /* UserDefaultKey.swift */ = {isa = PBXFileReference; lastKnownFileType = sourcecode.swift; path = UserDefaultKey.swift; sourceTree = "<group>"; };
		99C726692E2F068200E9D0CD /* FirstShootCameraView.swift */ = {isa = PBXFileReference; lastKnownFileType = sourcecode.swift; path = FirstShootCameraView.swift; sourceTree = "<group>"; };
		99C7266B2E2F069B00E9D0CD /* GuideCameraView.swift */ = {isa = PBXFileReference; lastKnownFileType = sourcecode.swift; path = GuideCameraView.swift; sourceTree = "<group>"; };
		99C93A092E27BADB00F42541 /* Coordinator.swift */ = {isa = PBXFileReference; lastKnownFileType = sourcecode.swift; path = Coordinator.swift; sourceTree = "<group>"; };
		99C93A0D2E27BB0300F42541 /* Path.swift */ = {isa = PBXFileReference; lastKnownFileType = sourcecode.swift; path = Path.swift; sourceTree = "<group>"; };
		99C93A3A2E2B73FD00F42541 /* CameraSetting.swift */ = {isa = PBXFileReference; lastKnownFileType = sourcecode.swift; path = CameraSetting.swift; sourceTree = "<group>"; };
		99C93A3C2E2B998100F42541 /* UIImage + Ext.swift */ = {isa = PBXFileReference; lastKnownFileType = sourcecode.swift; path = "UIImage + Ext.swift"; sourceTree = "<group>"; };
		B655A8672E26A4EE0060E2C0 /* Info.plist */ = {isa = PBXFileReference; lastKnownFileType = text.plist; path = Info.plist; sourceTree = "<group>"; };
		C5C12E9F2E2FED5500C4DC6D /* ButtonStyler.swift */ = {isa = PBXFileReference; lastKnownFileType = sourcecode.swift; path = ButtonStyler.swift; sourceTree = "<group>"; };
		C5C12EA12E2FEE1C00C4DC6D /* SnappieButton.swift */ = {isa = PBXFileReference; lastKnownFileType = sourcecode.swift; path = SnappieButton.swift; sourceTree = "<group>"; };
		C5C12EA32E31CDFB00C4DC6D /* SnappieButtonStyle.swift */ = {isa = PBXFileReference; lastKnownFileType = sourcecode.swift; path = SnappieButtonStyle.swift; sourceTree = "<group>"; };
		C5C12EA52E32214000C4DC6D /* ButtonIcon.swift */ = {isa = PBXFileReference; lastKnownFileType = sourcecode.swift; path = ButtonIcon.swift; sourceTree = "<group>"; };
		C5C12EA72E3227D100C4DC6D /* ButtonGlass.swift */ = {isa = PBXFileReference; lastKnownFileType = sourcecode.swift; path = ButtonGlass.swift; sourceTree = "<group>"; };
		C5C12EA92E325A1800C4DC6D /* SolidButtonStyler.swift */ = {isa = PBXFileReference; lastKnownFileType = sourcecode.swift; path = SolidButtonStyler.swift; sourceTree = "<group>"; };
		C5C12EAB2E325A3B00C4DC6D /* IconButtonStyler.swift */ = {isa = PBXFileReference; lastKnownFileType = sourcecode.swift; path = IconButtonStyler.swift; sourceTree = "<group>"; };
		C5C12EAD2E325A5800C4DC6D /* GlassButtonStyler.swift */ = {isa = PBXFileReference; lastKnownFileType = sourcecode.swift; path = GlassButtonStyler.swift; sourceTree = "<group>"; };
		C5F7B69B2E2EB25F0066B59C /* Icon.swift */ = {isa = PBXFileReference; lastKnownFileType = sourcecode.swift; path = Icon.swift; sourceTree = "<group>"; };
		C5F7B69E2E2EB7AB0066B59C /* IconView.swift */ = {isa = PBXFileReference; lastKnownFileType = sourcecode.swift; path = IconView.swift; sourceTree = "<group>"; };
		C5F7B6A02E2F6A2A0066B59C /* ButtonSolid.swift */ = {isa = PBXFileReference; lastKnownFileType = sourcecode.swift; path = ButtonSolid.swift; sourceTree = "<group>"; };
		C5F7B6A22E2F6AD20066B59C /* ButtonStyleType.swift */ = {isa = PBXFileReference; lastKnownFileType = sourcecode.swift; path = ButtonStyleType.swift; sourceTree = "<group>"; };
		B6AB62AD2E2E8B7700207590 /* TorchMode.swift */ = {isa = PBXFileReference; lastKnownFileType = sourcecode.swift; path = TorchMode.swift; sourceTree = "<group>"; };
		C5FB3EBC2E26AA0700A4C1BE /* VideoMerger.swift */ = {isa = PBXFileReference; lastKnownFileType = sourcecode.swift; path = VideoMerger.swift; sourceTree = "<group>"; };
		C5FB3EBE2E277CAA00A4C1BE /* VideoLoader.swift */ = {isa = PBXFileReference; lastKnownFileType = sourcecode.swift; path = VideoLoader.swift; sourceTree = "<group>"; };
		C5FB3EC02E28F11100A4C1BE /* PhotoLibrarySaver.swift */ = {isa = PBXFileReference; lastKnownFileType = sourcecode.swift; path = PhotoLibrarySaver.swift; sourceTree = "<group>"; };
		C5FB3EC32E2E0E6700A4C1BE /* KronaOne-Regular.ttf */ = {isa = PBXFileReference; lastKnownFileType = file; path = "KronaOne-Regular.ttf"; sourceTree = "<group>"; };
		C5FB3EC72E2E110500A4C1BE /* SnappieFont.swift */ = {isa = PBXFileReference; lastKnownFileType = sourcecode.swift; name = SnappieFont.swift; path = Chalkak/Common/DesignSystem/SnappieFont.swift; sourceTree = SOURCE_ROOT; };
		C5FB3ECD2E2E1C1200A4C1BE /* SnappieColor.swift */ = {isa = PBXFileReference; lastKnownFileType = sourcecode.swift; path = SnappieColor.swift; sourceTree = "<group>"; };
		C5FB3ED02E2E8EAF00A4C1BE /* Text + Ext.swift */ = {isa = PBXFileReference; lastKnownFileType = sourcecode.swift; path = "Text + Ext.swift"; sourceTree = "<group>"; };
/* End PBXFileReference section */

/* Begin PBXFrameworksBuildPhase section */
		993A1CC32E2049D50059B70A /* Frameworks */ = {
			isa = PBXFrameworksBuildPhase;
			buildActionMask = 2147483647;
			files = (
			);
			runOnlyForDeploymentPostprocessing = 0;
		};
		993A1CD32E2049D60059B70A /* Frameworks */ = {
			isa = PBXFrameworksBuildPhase;
			buildActionMask = 2147483647;
			files = (
			);
			runOnlyForDeploymentPostprocessing = 0;
		};
		993A1CDD2E2049D60059B70A /* Frameworks */ = {
			isa = PBXFrameworksBuildPhase;
			buildActionMask = 2147483647;
			files = (
			);
			runOnlyForDeploymentPostprocessing = 0;
		};
/* End PBXFrameworksBuildPhase section */

/* Begin PBXGroup section */
		993A1CBD2E2049D50059B70A = {
			isa = PBXGroup;
			children = (
				993A1F4F2E267E0C0059B70A /* Chalkak */,
				993A1F7D2E267E0C0059B70A /* ChalkakTests */,
				993A1F812E267E0C0059B70A /* ChalkakUITests */,
				993A1CC72E2049D50059B70A /* Products */,
			);
			sourceTree = "<group>";
		};
		993A1CC72E2049D50059B70A /* Products */ = {
			isa = PBXGroup;
			children = (
				993A1CC62E2049D50059B70A /* Chalkak.app */,
				993A1CD62E2049D60059B70A /* ChalkakTests.xctest */,
				993A1CE02E2049D60059B70A /* ChalkakUITests.xctest */,
			);
			name = Products;
			sourceTree = "<group>";
		};
		993A1F0E2E267E0C0059B70A /* App */ = {
			isa = PBXGroup;
			children = (
				99C93A092E27BADB00F42541 /* Coordinator.swift */,
				993A1F0D2E267E0C0059B70A /* ChalkakApp.swift */,
			);
			path = App;
			sourceTree = "<group>";
		};
		993A1F102E267E0C0059B70A /* CameraKit */ = {
			isa = PBXGroup;
			children = (
				993A1F0F2E267E0C0059B70A /* CameraManager.swift */,
			);
			path = CameraKit;
			sourceTree = "<group>";
		};
		993A1F122E267E0C0059B70A /* Distance */ = {
			isa = PBXGroup;
			children = (
				993A1F112E267E0C0059B70A /* BoundingBoxManager.swift */,
			);
			path = Distance;
			sourceTree = "<group>";
		};
		993A1F162E267E0C0059B70A /* Height */ = {
			isa = PBXGroup;
			children = (
				993A1F132E267E0C0059B70A /* CameraHeightManager.swift */,
				993A1F142E267E0C0059B70A /* HeightFeedbackView.swift */,
				993A1F152E267E0C0059B70A /* HeightMeasurementARView.swift */,
			);
			path = Height;
			sourceTree = "<group>";
		};
		993A1F182E267E0C0059B70A /* Overlay */ = {
			isa = PBXGroup;
			children = (
				993A1F172E267E0C0059B70A /* OverlayManager.swift */,
			);
			path = Overlay;
			sourceTree = "<group>";
		};
		993A1F1C2E267E0C0059B70A /* Tilt */ = {
			isa = PBXGroup;
			children = (
				993A1F192E267E0C0059B70A /* CameraTiltManager.swift */,
				993A1F1A2E267E0C0059B70A /* TiltDataCollector.swift */,
				993A1F1B2E267E0C0059B70A /* TiltFeedbackView.swift */,
			);
			path = Tilt;
			sourceTree = "<group>";
		};
		993A1F1D2E267E0C0059B70A /* Guide */ = {
			isa = PBXGroup;
			children = (
				993A1F122E267E0C0059B70A /* Distance */,
				993A1F162E267E0C0059B70A /* Height */,
				993A1F182E267E0C0059B70A /* Overlay */,
				993A1F1C2E267E0C0059B70A /* Tilt */,
			);
			path = Guide;
			sourceTree = "<group>";
		};
		993A1F202E267E0C0059B70A /* VideoEditor */ = {
			isa = PBXGroup;
			children = (
				993A1F1E2E267E0C0059B70A /* VideoFrameExtractor.swift */,
				993A1F1F2E267E0C0059B70A /* VideoManager.swift */,
				C5FB3EBC2E26AA0700A4C1BE /* VideoMerger.swift */,
				C5FB3EBE2E277CAA00A4C1BE /* VideoLoader.swift */,
				C5FB3EC02E28F11100A4C1BE /* PhotoLibrarySaver.swift */,
			);
			path = VideoEditor;
			sourceTree = "<group>";
		};
		993A1F212E267E0C0059B70A /* Core */ = {
			isa = PBXGroup;
			children = (
				993A1F102E267E0C0059B70A /* CameraKit */,
				993A1F1D2E267E0C0059B70A /* Guide */,
				993A1F202E267E0C0059B70A /* VideoEditor */,
			);
			path = Core;
			sourceTree = "<group>";
		};
		993A1F262E267E0C0059B70A /* Model */ = {
			isa = PBXGroup;
			children = (
				999992462E2D869400D56BD1 /* BoundingBoxInfo.swift */,
				99C93A3A2E2B73FD00F42541 /* CameraSetting.swift */,
				993A1F222E267E0C0059B70A /* Clip.swift */,
				993A1F232E267E0C0059B70A /* Guide.swift */,
				993A1F242E267E0C0059B70A /* Project.swift */,
				993A1F252E267E0C0059B70A /* Tilt.swift */,
			);
			path = Model;
			sourceTree = "<group>";
		};
		993A1F282E267E0C0059B70A /* Data */ = {
			isa = PBXGroup;
			children = (
				993A1F262E267E0C0059B70A /* Model */,
				993A1F272E267E0C0059B70A /* SwiftDataManager.swift */,
			);
			path = Data;
			sourceTree = "<group>";
		};
		993A1F2A2E267E0C0059B70A /* Enum */ = {
			isa = PBXGroup;
			children = (
				B6AB62AD2E2E8B7700207590 /* TorchMode.swift */,
				993A1F292E267E0C0059B70A /* TimerOptions.swift */,
			);
			path = Enum;
			sourceTree = "<group>";
		};
		993A1F2C2E267E0C0059B70A /* Preview */ = {
			isa = PBXGroup;
			children = (
				993A1F2B2E267E0C0059B70A /* CameraPreviewView.swift */,
			);
			path = Preview;
			sourceTree = "<group>";
		};
		993A1F352E267E0C0059B70A /* SubViews */ = {
			isa = PBXGroup;
			children = (
				993A1F2D2E267E0C0059B70A /* CameraBaseFeatureSelectView.swift */,
				993A1F2E2E267E0C0059B70A /* CameraBottomControlView.swift */,
				993A1F2F2E267E0C0059B70A /* CameraDefaultTopControlView.swift */,
				993A1F302E267E0C0059B70A /* CameraRecordView.swift */,
				993A1F312E267E0C0059B70A /* CameraTopControlView.swift */,
				993A1F322E267E0C0059B70A /* CircleIconButton.swift */,
				993A1F332E267E0C0059B70A /* TimerOptionSelectView.swift */,
				993A1F342E267E0C0059B70A /* ZoomSlider.swift */,
			);
			path = SubViews;
			sourceTree = "<group>";
		};
		993A1F392E267E0C0059B70A /* Camera */ = {
			isa = PBXGroup;
			children = (
				993A1F2A2E267E0C0059B70A /* Enum */,
				993A1F2C2E267E0C0059B70A /* Preview */,
				993A1F352E267E0C0059B70A /* SubViews */,
				993A1F362E267E0C0059B70A /* CameraView.swift */,
				993A1F372E267E0C0059B70A /* CameraViewModel.swift */,
				993A1F382E267E0C0059B70A /* ShootState.swift */,
			);
			path = Camera;
			sourceTree = "<group>";
		};
		993A1F3D2E267E0C0059B70A /* Overlay */ = {
			isa = PBXGroup;
			children = (
				993A1F3A2E267E0C0059B70A /* OverlayDisplayView.swift */,
				993A1F3C2E267E0C0059B70A /* OverlayViewModel.swift */,
				993A1F3B2E267E0C0059B70A /* OverlayView.swift */,
			);
			path = Overlay;
			sourceTree = "<group>";
		};
		993A1F422E267E0C0059B70A /* SubViews */ = {
			isa = PBXGroup;
			children = (
				993A1F3E2E267E0C0059B70A /* TrimmingControlView.swift */,
				993A1F3F2E267E0C0059B70A /* TrimmingLineView.swift */,
				993A1F402E267E0C0059B70A /* TrimmingTimeDisplay.swift */,
				993A1F412E267E0C0059B70A /* VideoPreviewView.swift */,
			);
			path = SubViews;
			sourceTree = "<group>";
		};
		993A1F452E267E0C0059B70A /* ClipEdit */ = {
			isa = PBXGroup;
			children = (
				993A1F422E267E0C0059B70A /* SubViews */,
				993A1F432E267E0C0059B70A /* ClipEditView.swift */,
				993A1F442E267E0C0059B70A /* ClipEditViewModel.swift */,
			);
			path = ClipEdit;
			sourceTree = "<group>";
		};
		993A1F482E267E0C0059B70A /* ProjectPreview */ = {
			isa = PBXGroup;
			children = (
				993A1F462E267E0C0059B70A /* ProjectPreviewView.swift */,
				993A1F472E267E0C0059B70A /* ProjectPreviewViewModel.swift */,
			);
			path = ProjectPreview;
			sourceTree = "<group>";
		};
		993A1F492E267E0C0059B70A /* Presentation */ = {
			isa = PBXGroup;
			children = (
				993A21782E26A05A0059B70A /* Guide */,
				993A1F392E267E0C0059B70A /* Camera */,
				993A1F452E267E0C0059B70A /* ClipEdit */,
				993A1F482E267E0C0059B70A /* ProjectPreview */,
			);
			path = Presentation;
			sourceTree = "<group>";
		};
		993A1F4B2E267E0C0059B70A /* Preview Content */ = {
			isa = PBXGroup;
			children = (
				993A1F4A2E267E0C0059B70A /* Preview Assets.xcassets */,
			);
			path = "Preview Content";
			sourceTree = "<group>";
		};
		993A1F4E2E267E0C0059B70A /* Resource */ = {
			isa = PBXGroup;
			children = (
				C5FB3EC22E2E0E2900A4C1BE /* Fonts */,
				993A1F4C2E267E0C0059B70A /* Assets.xcassets */,
				993A1F4D2E267E0C0059B70A /* sample-video.mov */,
			);
			path = Resource;
			sourceTree = "<group>";
		};
		993A1F4F2E267E0C0059B70A /* Chalkak */ = {
			isa = PBXGroup;
			children = (
				B655A8672E26A4EE0060E2C0 /* Info.plist */,
				993A1F0E2E267E0C0059B70A /* App */,
				993A217E2E26AB7E0059B70A /* Common */,
				993A1F212E267E0C0059B70A /* Core */,
				993A1F282E267E0C0059B70A /* Data */,
				993A1F492E267E0C0059B70A /* Presentation */,
				993A1F4B2E267E0C0059B70A /* Preview Content */,
				993A1F4E2E267E0C0059B70A /* Resource */,
			);
			path = Chalkak;
			sourceTree = "<group>";
		};
		993A1F7D2E267E0C0059B70A /* ChalkakTests */ = {
			isa = PBXGroup;
			children = (
				993A1F7C2E267E0C0059B70A /* ChalkakTests.swift */,
			);
			path = ChalkakTests;
			sourceTree = "<group>";
		};
		993A1F812E267E0C0059B70A /* ChalkakUITests */ = {
			isa = PBXGroup;
			children = (
				993A1F7F2E267E0C0059B70A /* ChalkakUITests.swift */,
				993A1F802E267E0C0059B70A /* ChalkakUITestsLaunchTests.swift */,
			);
			path = ChalkakUITests;
			sourceTree = "<group>";
		};
		993A21782E26A05A0059B70A /* Guide */ = {
			isa = PBXGroup;
			children = (
				993A21792E26A0690059B70A /* Distance */,
				993A1F3D2E267E0C0059B70A /* Overlay */,
			);
			path = Guide;
			sourceTree = "<group>";
		};
		993A21792E26A0690059B70A /* Distance */ = {
			isa = PBXGroup;
			children = (
				99C7266D2E2F0A1B00E9D0CD /* SubViews */,
				993A217A2E26A0760059B70A /* BoundingBoxView.swift */,
				993A217C2E26A0810059B70A /* BoundingBoxViewModel.swift */,
			);
			path = Distance;
			sourceTree = "<group>";
		};
		993A217E2E26AB7E0059B70A /* Common */ = {
			isa = PBXGroup;
			children = (
				999992482E2D8EB300D56BD1 /* Constant */,
				99C93A0B2E27BAF700F42541 /* Util */,
				993A21802E26AB9C0059B70A /* Extension */,
				C5FB3ECC2E2E114600A4C1BE /* DesignSystem */,
				C5F7B69D2E2EB78D0066B59C /* Component */,
			);
			path = Common;
			sourceTree = "<group>";
		};
		993A21802E26AB9C0059B70A /* Extension */ = {
			isa = PBXGroup;
			children = (
				99C93A3C2E2B998100F42541 /* UIImage + Ext.swift */,
				993A21812E26ABA70059B70A /* Array + Ext.swift */,
				C5FB3ED02E2E8EAF00A4C1BE /* Text + Ext.swift */,
			);
			path = Extension;
			sourceTree = "<group>";
		};
		999992482E2D8EB300D56BD1 /* Constant */ = {
			isa = PBXGroup;
			children = (
				999992492E2D8EBC00D56BD1 /* Environment */,
			);
			path = Constant;
			sourceTree = "<group>";
		};
		999992492E2D8EBC00D56BD1 /* Environment */ = {
			isa = PBXGroup;
			children = (
				9999924A2E2D8ED100D56BD1 /* UserDefaultKey.swift */,
			);
			path = Environment;
			sourceTree = "<group>";
		};
		99C7266D2E2F0A1B00E9D0CD /* SubViews */ = {
			isa = PBXGroup;
			children = (
				99C7266B2E2F069B00E9D0CD /* GuideCameraView.swift */,
				99C726692E2F068200E9D0CD /* FirstShootCameraView.swift */,
			);
			path = SubViews;
			sourceTree = "<group>";
		};
		99C93A0B2E27BAF700F42541 /* Util */ = {
			isa = PBXGroup;
			children = (
				99C93A0C2E27BAFD00F42541 /* Enum */,
			);
			path = Util;
			sourceTree = "<group>";
		};
		99C93A0C2E27BAFD00F42541 /* Enum */ = {
			isa = PBXGroup;
			children = (
				99C93A0D2E27BB0300F42541 /* Path.swift */,
			);
			path = Enum;
			sourceTree = "<group>";
		};
		C5C12EAF2E325CD100C4DC6D /* Button */ = {
			isa = PBXGroup;
			children = (
				C5F7B6A22E2F6AD20066B59C /* ButtonStyleType.swift */,
				C5C12EA32E31CDFB00C4DC6D /* SnappieButtonStyle.swift */,
				C5C12E9F2E2FED5500C4DC6D /* ButtonStyler.swift */,
				C5C12EA92E325A1800C4DC6D /* SolidButtonStyler.swift */,
				C5C12EAB2E325A3B00C4DC6D /* IconButtonStyler.swift */,
				C5C12EAD2E325A5800C4DC6D /* GlassButtonStyler.swift */,
			);
			path = Button;
			sourceTree = "<group>";
		};
		C5F7B69D2E2EB78D0066B59C /* Component */ = {
			isa = PBXGroup;
			children = (
				C5F7B69E2E2EB7AB0066B59C /* IconView.swift */,
				C5C12EA12E2FEE1C00C4DC6D /* SnappieButton.swift */,
				C5F7B6A02E2F6A2A0066B59C /* ButtonSolid.swift */,
				C5C12EA52E32214000C4DC6D /* ButtonIcon.swift */,
				C5C12EA72E3227D100C4DC6D /* ButtonGlass.swift */,
			);
			path = Component;
			sourceTree = "<group>";
		};
		C5FB3EC22E2E0E2900A4C1BE /* Fonts */ = {
			isa = PBXGroup;
			children = (
				C5FB3EC32E2E0E6700A4C1BE /* KronaOne-Regular.ttf */,
			);
			path = Fonts;
			sourceTree = "<group>";
		};
		C5FB3ECC2E2E114600A4C1BE /* DesignSystem */ = {
			isa = PBXGroup;
			children = (
				C5FB3EC72E2E110500A4C1BE /* SnappieFont.swift */,
				C5FB3ECD2E2E1C1200A4C1BE /* SnappieColor.swift */,
				C5F7B69B2E2EB25F0066B59C /* Icon.swift */,
				C5C12EAF2E325CD100C4DC6D /* Button */,
			);
			path = DesignSystem;
			sourceTree = "<group>";
		};
/* End PBXGroup section */

/* Begin PBXNativeTarget section */
		993A1CC52E2049D50059B70A /* Chalkak */ = {
			isa = PBXNativeTarget;
			buildConfigurationList = 993A1CEA2E2049D60059B70A /* Build configuration list for PBXNativeTarget "Chalkak" */;
			buildPhases = (
				993A1CC22E2049D50059B70A /* Sources */,
				993A1CC32E2049D50059B70A /* Frameworks */,
				993A1CC42E2049D50059B70A /* Resources */,
			);
			buildRules = (
			);
			dependencies = (
			);
			name = Chalkak;
			packageProductDependencies = (
			);
			productName = Chalkak;
			productReference = 993A1CC62E2049D50059B70A /* Chalkak.app */;
			productType = "com.apple.product-type.application";
		};
		993A1CD52E2049D60059B70A /* ChalkakTests */ = {
			isa = PBXNativeTarget;
			buildConfigurationList = 993A1CED2E2049D60059B70A /* Build configuration list for PBXNativeTarget "ChalkakTests" */;
			buildPhases = (
				993A1CD22E2049D60059B70A /* Sources */,
				993A1CD32E2049D60059B70A /* Frameworks */,
				993A1CD42E2049D60059B70A /* Resources */,
			);
			buildRules = (
			);
			dependencies = (
				993A1CD82E2049D60059B70A /* PBXTargetDependency */,
			);
			name = ChalkakTests;
			packageProductDependencies = (
			);
			productName = ChalkakTests;
			productReference = 993A1CD62E2049D60059B70A /* ChalkakTests.xctest */;
			productType = "com.apple.product-type.bundle.unit-test";
		};
		993A1CDF2E2049D60059B70A /* ChalkakUITests */ = {
			isa = PBXNativeTarget;
			buildConfigurationList = 993A1CF02E2049D60059B70A /* Build configuration list for PBXNativeTarget "ChalkakUITests" */;
			buildPhases = (
				993A1CDC2E2049D60059B70A /* Sources */,
				993A1CDD2E2049D60059B70A /* Frameworks */,
				993A1CDE2E2049D60059B70A /* Resources */,
			);
			buildRules = (
			);
			dependencies = (
				993A1CE22E2049D60059B70A /* PBXTargetDependency */,
			);
			name = ChalkakUITests;
			packageProductDependencies = (
			);
			productName = ChalkakUITests;
			productReference = 993A1CE02E2049D60059B70A /* ChalkakUITests.xctest */;
			productType = "com.apple.product-type.bundle.ui-testing";
		};
/* End PBXNativeTarget section */

/* Begin PBXProject section */
		993A1CBE2E2049D50059B70A /* Project object */ = {
			isa = PBXProject;
			attributes = {
				BuildIndependentTargetsInParallel = 1;
				LastSwiftUpdateCheck = 1620;
				LastUpgradeCheck = 1620;
				TargetAttributes = {
					993A1CC52E2049D50059B70A = {
						CreatedOnToolsVersion = 16.2;
					};
					993A1CD52E2049D60059B70A = {
						CreatedOnToolsVersion = 16.2;
						TestTargetID = 993A1CC52E2049D50059B70A;
					};
					993A1CDF2E2049D60059B70A = {
						CreatedOnToolsVersion = 16.2;
						TestTargetID = 993A1CC52E2049D50059B70A;
					};
				};
			};
			buildConfigurationList = 993A1CC12E2049D50059B70A /* Build configuration list for PBXProject "Chalkak" */;
			developmentRegion = en;
			hasScannedForEncodings = 0;
			knownRegions = (
				en,
				Base,
			);
			mainGroup = 993A1CBD2E2049D50059B70A;
			minimizedProjectReferenceProxies = 1;
			preferredProjectObjectVersion = 77;
			productRefGroup = 993A1CC72E2049D50059B70A /* Products */;
			projectDirPath = "";
			projectRoot = "";
			targets = (
				993A1CC52E2049D50059B70A /* Chalkak */,
				993A1CD52E2049D60059B70A /* ChalkakTests */,
				993A1CDF2E2049D60059B70A /* ChalkakUITests */,
			);
		};
/* End PBXProject section */

/* Begin PBXResourcesBuildPhase section */
		993A1CC42E2049D50059B70A /* Resources */ = {
			isa = PBXResourcesBuildPhase;
			buildActionMask = 2147483647;
			files = (
				C5FB3EC52E2E0E6700A4C1BE /* KronaOne-Regular.ttf in Resources */,
				993A1F502E267E0C0059B70A /* Preview Assets.xcassets in Resources */,
				993A1F512E267E0C0059B70A /* Assets.xcassets in Resources */,
				993A1F522E267E0C0059B70A /* sample-video.mov in Resources */,
			);
			runOnlyForDeploymentPostprocessing = 0;
		};
		993A1CD42E2049D60059B70A /* Resources */ = {
			isa = PBXResourcesBuildPhase;
			buildActionMask = 2147483647;
			files = (
				C5FB3EC42E2E0E6700A4C1BE /* KronaOne-Regular.ttf in Resources */,
			);
			runOnlyForDeploymentPostprocessing = 0;
		};
		993A1CDE2E2049D60059B70A /* Resources */ = {
			isa = PBXResourcesBuildPhase;
			buildActionMask = 2147483647;
			files = (
				C5FB3EC62E2E0E6700A4C1BE /* KronaOne-Regular.ttf in Resources */,
			);
			runOnlyForDeploymentPostprocessing = 0;
		};
/* End PBXResourcesBuildPhase section */

/* Begin PBXSourcesBuildPhase section */
		993A1CC22E2049D50059B70A /* Sources */ = {
			isa = PBXSourcesBuildPhase;
			buildActionMask = 2147483647;
			files = (
				C5FB3ECE2E2E1C1200A4C1BE /* SnappieColor.swift in Sources */,
				993A1F532E267E0C0059B70A /* ChalkakApp.swift in Sources */,
				993A1F542E267E0C0059B70A /* CameraManager.swift in Sources */,
				C5C12EA42E31CDFB00C4DC6D /* SnappieButtonStyle.swift in Sources */,
				993A1F552E267E0C0059B70A /* BoundingBoxManager.swift in Sources */,
				993A1F562E267E0C0059B70A /* CameraHeightManager.swift in Sources */,
				993A1F572E267E0C0059B70A /* HeightFeedbackView.swift in Sources */,
				99C93A3D2E2B998600F42541 /* UIImage + Ext.swift in Sources */,
				993A1F582E267E0C0059B70A /* HeightMeasurementARView.swift in Sources */,
				993A1F592E267E0C0059B70A /* OverlayManager.swift in Sources */,
				C5C12EAC2E325A3B00C4DC6D /* IconButtonStyler.swift in Sources */,
				993A21822E26ABAC0059B70A /* Array + Ext.swift in Sources */,
				993A1F5A2E267E0C0059B70A /* CameraTiltManager.swift in Sources */,
				993A217B2E26A07C0059B70A /* BoundingBoxView.swift in Sources */,
				C5FB3EC82E2E110500A4C1BE /* SnappieFont.swift in Sources */,
				993A1F5B2E267E0C0059B70A /* TiltDataCollector.swift in Sources */,
				993A1F5C2E267E0C0059B70A /* TiltFeedbackView.swift in Sources */,
				993A1F5D2E267E0C0059B70A /* VideoFrameExtractor.swift in Sources */,
				993A1F5E2E267E0C0059B70A /* VideoManager.swift in Sources */,
				C5C12EA02E2FED5A00C4DC6D /* ButtonStyler.swift in Sources */,
				9999924B2E2D8ED600D56BD1 /* UserDefaultKey.swift in Sources */,
				993A1F5F2E267E0C0059B70A /* Clip.swift in Sources */,
				99C7266C2E2F06A200E9D0CD /* GuideCameraView.swift in Sources */,
				993A1F602E267E0C0059B70A /* Guide.swift in Sources */,
				993A1F612E267E0C0059B70A /* Project.swift in Sources */,
				99C93A0A2E27BADE00F42541 /* Coordinator.swift in Sources */,
				993A1F622E267E0C0059B70A /* Tilt.swift in Sources */,
				993A1F632E267E0C0059B70A /* SwiftDataManager.swift in Sources */,
				993A1F642E267E0C0059B70A /* TimerOptions.swift in Sources */,
				993A1F652E267E0C0059B70A /* CameraPreviewView.swift in Sources */,
				993A1F662E267E0C0059B70A /* CameraBaseFeatureSelectView.swift in Sources */,
				C5FB3EBD2E26AA0700A4C1BE /* VideoMerger.swift in Sources */,
				993A1F672E267E0C0059B70A /* CameraBottomControlView.swift in Sources */,
				C5FB3EC12E28F11100A4C1BE /* PhotoLibrarySaver.swift in Sources */,
				C5C12EA82E3227D100C4DC6D /* ButtonGlass.swift in Sources */,
				B6AB62AE2E2E8DBE00207590 /* TorchMode.swift in Sources */,
				99C93A0E2E27BB0700F42541 /* Path.swift in Sources */,
				C5F7B69C2E2EB25F0066B59C /* Icon.swift in Sources */,
				C5F7B69F2E2EB7AB0066B59C /* IconView.swift in Sources */,
				993A1F682E267E0C0059B70A /* CameraDefaultTopControlView.swift in Sources */,
				999992472E2D869C00D56BD1 /* BoundingBoxInfo.swift in Sources */,
				993A1F692E267E0C0059B70A /* CameraRecordView.swift in Sources */,
				993A1F6A2E267E0C0059B70A /* CameraTopControlView.swift in Sources */,
				C5FB3EBF2E277CAA00A4C1BE /* VideoLoader.swift in Sources */,
				993A1F6B2E267E0C0059B70A /* CircleIconButton.swift in Sources */,
				C5C12EA22E2FEE1C00C4DC6D /* SnappieButton.swift in Sources */,
				993A1F6C2E267E0C0059B70A /* TimerOptionSelectView.swift in Sources */,
				C5C12EAE2E325A5800C4DC6D /* GlassButtonStyler.swift in Sources */,
				99C7266A2E2F068800E9D0CD /* FirstShootCameraView.swift in Sources */,
				993A1F6D2E267E0C0059B70A /* ZoomSlider.swift in Sources */,
				993A1F6E2E267E0C0059B70A /* CameraView.swift in Sources */,
				C5C12EAA2E325A1800C4DC6D /* SolidButtonStyler.swift in Sources */,
				993A1F6F2E267E0C0059B70A /* CameraViewModel.swift in Sources */,
				993A1F702E267E0C0059B70A /* ShootState.swift in Sources */,
				993A1F712E267E0C0059B70A /* OverlayDisplayView.swift in Sources */,
				993A1F722E267E0C0059B70A /* OverlayView.swift in Sources */,
				993A1F732E267E0C0059B70A /* OverlayViewModel.swift in Sources */,
				993A217D2E26A0870059B70A /* BoundingBoxViewModel.swift in Sources */,
				993A1F742E267E0C0059B70A /* TrimmingControlView.swift in Sources */,
				993A1F752E267E0C0059B70A /* TrimmingLineView.swift in Sources */,
				993A1F762E267E0C0059B70A /* TrimmingTimeDisplay.swift in Sources */,
				993A1F772E267E0C0059B70A /* VideoPreviewView.swift in Sources */,
				993A1F782E267E0C0059B70A /* ClipEditView.swift in Sources */,
				993A1F792E267E0C0059B70A /* ClipEditViewModel.swift in Sources */,
				C5FB3ED12E2E8EAF00A4C1BE /* Text + Ext.swift in Sources */,
				993A1F7A2E267E0C0059B70A /* ProjectPreviewView.swift in Sources */,
				993A1F7B2E267E0C0059B70A /* ProjectPreviewViewModel.swift in Sources */,
				C5F7B6A12E2F6A2A0066B59C /* ButtonSolid.swift in Sources */,
				99C93A3B2E2B740300F42541 /* CameraSetting.swift in Sources */,
				C5C12EA62E32214000C4DC6D /* ButtonIcon.swift in Sources */,
				C5F7B6A32E2F6AD20066B59C /* ButtonStyleType.swift in Sources */,
			);
			runOnlyForDeploymentPostprocessing = 0;
		};
		993A1CD22E2049D60059B70A /* Sources */ = {
			isa = PBXSourcesBuildPhase;
			buildActionMask = 2147483647;
			files = (
				993A1F7E2E267E0C0059B70A /* ChalkakTests.swift in Sources */,
			);
			runOnlyForDeploymentPostprocessing = 0;
		};
		993A1CDC2E2049D60059B70A /* Sources */ = {
			isa = PBXSourcesBuildPhase;
			buildActionMask = 2147483647;
			files = (
				993A1F822E267E0C0059B70A /* ChalkakUITests.swift in Sources */,
				993A1F832E267E0C0059B70A /* ChalkakUITestsLaunchTests.swift in Sources */,
			);
			runOnlyForDeploymentPostprocessing = 0;
		};
/* End PBXSourcesBuildPhase section */

/* Begin PBXTargetDependency section */
		993A1CD82E2049D60059B70A /* PBXTargetDependency */ = {
			isa = PBXTargetDependency;
			target = 993A1CC52E2049D50059B70A /* Chalkak */;
			targetProxy = 993A1CD72E2049D60059B70A /* PBXContainerItemProxy */;
		};
		993A1CE22E2049D60059B70A /* PBXTargetDependency */ = {
			isa = PBXTargetDependency;
			target = 993A1CC52E2049D50059B70A /* Chalkak */;
			targetProxy = 993A1CE12E2049D60059B70A /* PBXContainerItemProxy */;
		};
/* End PBXTargetDependency section */

/* Begin XCBuildConfiguration section */
		993A1CE82E2049D60059B70A /* Debug */ = {
			isa = XCBuildConfiguration;
			buildSettings = {
				ALWAYS_SEARCH_USER_PATHS = NO;
				ASSETCATALOG_COMPILER_GENERATE_SWIFT_ASSET_SYMBOL_EXTENSIONS = YES;
				CLANG_ANALYZER_NONNULL = YES;
				CLANG_ANALYZER_NUMBER_OBJECT_CONVERSION = YES_AGGRESSIVE;
				CLANG_CXX_LANGUAGE_STANDARD = "gnu++20";
				CLANG_ENABLE_MODULES = YES;
				CLANG_ENABLE_OBJC_ARC = YES;
				CLANG_ENABLE_OBJC_WEAK = YES;
				CLANG_WARN_BLOCK_CAPTURE_AUTORELEASING = YES;
				CLANG_WARN_BOOL_CONVERSION = YES;
				CLANG_WARN_COMMA = YES;
				CLANG_WARN_CONSTANT_CONVERSION = YES;
				CLANG_WARN_DEPRECATED_OBJC_IMPLEMENTATIONS = YES;
				CLANG_WARN_DIRECT_OBJC_ISA_USAGE = YES_ERROR;
				CLANG_WARN_DOCUMENTATION_COMMENTS = YES;
				CLANG_WARN_EMPTY_BODY = YES;
				CLANG_WARN_ENUM_CONVERSION = YES;
				CLANG_WARN_INFINITE_RECURSION = YES;
				CLANG_WARN_INT_CONVERSION = YES;
				CLANG_WARN_NON_LITERAL_NULL_CONVERSION = YES;
				CLANG_WARN_OBJC_IMPLICIT_RETAIN_SELF = YES;
				CLANG_WARN_OBJC_LITERAL_CONVERSION = YES;
				CLANG_WARN_OBJC_ROOT_CLASS = YES_ERROR;
				CLANG_WARN_QUOTED_INCLUDE_IN_FRAMEWORK_HEADER = YES;
				CLANG_WARN_RANGE_LOOP_ANALYSIS = YES;
				CLANG_WARN_STRICT_PROTOTYPES = YES;
				CLANG_WARN_SUSPICIOUS_MOVE = YES;
				CLANG_WARN_UNGUARDED_AVAILABILITY = YES_AGGRESSIVE;
				CLANG_WARN_UNREACHABLE_CODE = YES;
				CLANG_WARN__DUPLICATE_METHOD_MATCH = YES;
				COPY_PHASE_STRIP = NO;
				DEBUG_INFORMATION_FORMAT = dwarf;
				ENABLE_STRICT_OBJC_MSGSEND = YES;
				ENABLE_TESTABILITY = YES;
				ENABLE_USER_SCRIPT_SANDBOXING = YES;
				GCC_C_LANGUAGE_STANDARD = gnu17;
				GCC_DYNAMIC_NO_PIC = NO;
				GCC_NO_COMMON_BLOCKS = YES;
				GCC_OPTIMIZATION_LEVEL = 0;
				GCC_PREPROCESSOR_DEFINITIONS = (
					"DEBUG=1",
					"$(inherited)",
				);
				GCC_WARN_64_TO_32_BIT_CONVERSION = YES;
				GCC_WARN_ABOUT_RETURN_TYPE = YES_ERROR;
				GCC_WARN_UNDECLARED_SELECTOR = YES;
				GCC_WARN_UNINITIALIZED_AUTOS = YES_AGGRESSIVE;
				GCC_WARN_UNUSED_FUNCTION = YES;
				GCC_WARN_UNUSED_VARIABLE = YES;
				IPHONEOS_DEPLOYMENT_TARGET = 18.2;
				LOCALIZATION_PREFERS_STRING_CATALOGS = YES;
				MTL_ENABLE_DEBUG_INFO = INCLUDE_SOURCE;
				MTL_FAST_MATH = YES;
				ONLY_ACTIVE_ARCH = YES;
				SDKROOT = iphoneos;
				SWIFT_ACTIVE_COMPILATION_CONDITIONS = "DEBUG $(inherited)";
				SWIFT_OPTIMIZATION_LEVEL = "-Onone";
			};
			name = Debug;
		};
		993A1CE92E2049D60059B70A /* Release */ = {
			isa = XCBuildConfiguration;
			buildSettings = {
				ALWAYS_SEARCH_USER_PATHS = NO;
				ASSETCATALOG_COMPILER_GENERATE_SWIFT_ASSET_SYMBOL_EXTENSIONS = YES;
				CLANG_ANALYZER_NONNULL = YES;
				CLANG_ANALYZER_NUMBER_OBJECT_CONVERSION = YES_AGGRESSIVE;
				CLANG_CXX_LANGUAGE_STANDARD = "gnu++20";
				CLANG_ENABLE_MODULES = YES;
				CLANG_ENABLE_OBJC_ARC = YES;
				CLANG_ENABLE_OBJC_WEAK = YES;
				CLANG_WARN_BLOCK_CAPTURE_AUTORELEASING = YES;
				CLANG_WARN_BOOL_CONVERSION = YES;
				CLANG_WARN_COMMA = YES;
				CLANG_WARN_CONSTANT_CONVERSION = YES;
				CLANG_WARN_DEPRECATED_OBJC_IMPLEMENTATIONS = YES;
				CLANG_WARN_DIRECT_OBJC_ISA_USAGE = YES_ERROR;
				CLANG_WARN_DOCUMENTATION_COMMENTS = YES;
				CLANG_WARN_EMPTY_BODY = YES;
				CLANG_WARN_ENUM_CONVERSION = YES;
				CLANG_WARN_INFINITE_RECURSION = YES;
				CLANG_WARN_INT_CONVERSION = YES;
				CLANG_WARN_NON_LITERAL_NULL_CONVERSION = YES;
				CLANG_WARN_OBJC_IMPLICIT_RETAIN_SELF = YES;
				CLANG_WARN_OBJC_LITERAL_CONVERSION = YES;
				CLANG_WARN_OBJC_ROOT_CLASS = YES_ERROR;
				CLANG_WARN_QUOTED_INCLUDE_IN_FRAMEWORK_HEADER = YES;
				CLANG_WARN_RANGE_LOOP_ANALYSIS = YES;
				CLANG_WARN_STRICT_PROTOTYPES = YES;
				CLANG_WARN_SUSPICIOUS_MOVE = YES;
				CLANG_WARN_UNGUARDED_AVAILABILITY = YES_AGGRESSIVE;
				CLANG_WARN_UNREACHABLE_CODE = YES;
				CLANG_WARN__DUPLICATE_METHOD_MATCH = YES;
				COPY_PHASE_STRIP = NO;
				DEBUG_INFORMATION_FORMAT = "dwarf-with-dsym";
				ENABLE_NS_ASSERTIONS = NO;
				ENABLE_STRICT_OBJC_MSGSEND = YES;
				ENABLE_USER_SCRIPT_SANDBOXING = YES;
				GCC_C_LANGUAGE_STANDARD = gnu17;
				GCC_NO_COMMON_BLOCKS = YES;
				GCC_WARN_64_TO_32_BIT_CONVERSION = YES;
				GCC_WARN_ABOUT_RETURN_TYPE = YES_ERROR;
				GCC_WARN_UNDECLARED_SELECTOR = YES;
				GCC_WARN_UNINITIALIZED_AUTOS = YES_AGGRESSIVE;
				GCC_WARN_UNUSED_FUNCTION = YES;
				GCC_WARN_UNUSED_VARIABLE = YES;
				IPHONEOS_DEPLOYMENT_TARGET = 18.2;
				LOCALIZATION_PREFERS_STRING_CATALOGS = YES;
				MTL_ENABLE_DEBUG_INFO = NO;
				MTL_FAST_MATH = YES;
				SDKROOT = iphoneos;
				SWIFT_COMPILATION_MODE = wholemodule;
				VALIDATE_PRODUCT = YES;
			};
			name = Release;
		};
		993A1CEB2E2049D60059B70A /* Debug */ = {
			isa = XCBuildConfiguration;
			buildSettings = {
				ASSETCATALOG_COMPILER_APPICON_NAME = AppIcon;
				ASSETCATALOG_COMPILER_GLOBAL_ACCENT_COLOR_NAME = AccentColor;
				CODE_SIGN_STYLE = Automatic;
				CURRENT_PROJECT_VERSION = 1;
				DEVELOPMENT_ASSET_PATHS = "\"Chalkak/Preview Content\"";
				DEVELOPMENT_TEAM = SM37WHUJB5;
				ENABLE_PREVIEWS = YES;
				GENERATE_INFOPLIST_FILE = YES;
				INFOPLIST_FILE = Chalkak/Info.plist;
				INFOPLIST_KEY_NSCameraUsageDescription = "Camera 접근";
				INFOPLIST_KEY_NSMicrophoneUsageDescription = "오디오 녹음을 위해 마이크를 사용합니다.";
				INFOPLIST_KEY_NSPhotoLibraryAddUsageDescription = "photo Library 접근";
				INFOPLIST_KEY_UIApplicationSceneManifest_Generation = YES;
				INFOPLIST_KEY_UIApplicationSupportsIndirectInputEvents = YES;
				INFOPLIST_KEY_UILaunchScreen_Generation = YES;
				INFOPLIST_KEY_UISupportedInterfaceOrientations = UIInterfaceOrientationPortrait;
				INFOPLIST_KEY_UISupportedInterfaceOrientations_iPad = "UIInterfaceOrientationLandscapeLeft UIInterfaceOrientationLandscapeRight UIInterfaceOrientationPortrait UIInterfaceOrientationPortraitUpsideDown";
				IPHONEOS_DEPLOYMENT_TARGET = 17.6;
				LD_RUNPATH_SEARCH_PATHS = (
					"$(inherited)",
					"@executable_path/Frameworks",
				);
				MARKETING_VERSION = 1.0;
				PRODUCT_BUNDLE_IDENTIFIER = com.DeveloperAcademy.Chalkak;
				PRODUCT_NAME = "$(TARGET_NAME)";
				SWIFT_EMIT_LOC_STRINGS = YES;
				SWIFT_VERSION = 5.0;
				TARGETED_DEVICE_FAMILY = "1,2";
			};
			name = Debug;
		};
		993A1CEC2E2049D60059B70A /* Release */ = {
			isa = XCBuildConfiguration;
			buildSettings = {
				ASSETCATALOG_COMPILER_APPICON_NAME = AppIcon;
				ASSETCATALOG_COMPILER_GLOBAL_ACCENT_COLOR_NAME = AccentColor;
				CODE_SIGN_STYLE = Automatic;
				CURRENT_PROJECT_VERSION = 1;
				DEVELOPMENT_ASSET_PATHS = "\"Chalkak/Preview Content\"";
				DEVELOPMENT_TEAM = SM37WHUJB5;
				ENABLE_PREVIEWS = YES;
				GENERATE_INFOPLIST_FILE = YES;
				INFOPLIST_FILE = Chalkak/Info.plist;
				INFOPLIST_KEY_NSCameraUsageDescription = "Camera 접근";
				INFOPLIST_KEY_NSMicrophoneUsageDescription = "오디오 녹음을 위해 마이크를 사용합니다.";
				INFOPLIST_KEY_NSPhotoLibraryAddUsageDescription = "photo Library 접근";
				INFOPLIST_KEY_UIApplicationSceneManifest_Generation = YES;
				INFOPLIST_KEY_UIApplicationSupportsIndirectInputEvents = YES;
				INFOPLIST_KEY_UILaunchScreen_Generation = YES;
				INFOPLIST_KEY_UISupportedInterfaceOrientations = UIInterfaceOrientationPortrait;
				INFOPLIST_KEY_UISupportedInterfaceOrientations_iPad = "UIInterfaceOrientationLandscapeLeft UIInterfaceOrientationLandscapeRight UIInterfaceOrientationPortrait UIInterfaceOrientationPortraitUpsideDown";
				IPHONEOS_DEPLOYMENT_TARGET = 17.6;
				LD_RUNPATH_SEARCH_PATHS = (
					"$(inherited)",
					"@executable_path/Frameworks",
				);
				MARKETING_VERSION = 1.0;
				PRODUCT_BUNDLE_IDENTIFIER = com.DeveloperAcademy.Chalkak;
				PRODUCT_NAME = "$(TARGET_NAME)";
				SWIFT_EMIT_LOC_STRINGS = YES;
				SWIFT_VERSION = 5.0;
				TARGETED_DEVICE_FAMILY = "1,2";
			};
			name = Release;
		};
		993A1CEE2E2049D60059B70A /* Debug */ = {
			isa = XCBuildConfiguration;
			buildSettings = {
				BUNDLE_LOADER = "$(TEST_HOST)";
				CODE_SIGN_STYLE = Automatic;
				CURRENT_PROJECT_VERSION = 1;
				DEVELOPMENT_TEAM = F83F8K6223;
				GENERATE_INFOPLIST_FILE = YES;
				IPHONEOS_DEPLOYMENT_TARGET = 18.2;
				MARKETING_VERSION = 1.0;
				PRODUCT_BUNDLE_IDENTIFIER = com.DeveloperAcademy.ChalkakTests;
				PRODUCT_NAME = "$(TARGET_NAME)";
				SWIFT_EMIT_LOC_STRINGS = NO;
				SWIFT_VERSION = 5.0;
				TARGETED_DEVICE_FAMILY = "1,2";
				TEST_HOST = "$(BUILT_PRODUCTS_DIR)/Chalkak.app/$(BUNDLE_EXECUTABLE_FOLDER_PATH)/Chalkak";
			};
			name = Debug;
		};
		993A1CEF2E2049D60059B70A /* Release */ = {
			isa = XCBuildConfiguration;
			buildSettings = {
				BUNDLE_LOADER = "$(TEST_HOST)";
				CODE_SIGN_STYLE = Automatic;
				CURRENT_PROJECT_VERSION = 1;
				DEVELOPMENT_TEAM = F83F8K6223;
				GENERATE_INFOPLIST_FILE = YES;
				IPHONEOS_DEPLOYMENT_TARGET = 18.2;
				MARKETING_VERSION = 1.0;
				PRODUCT_BUNDLE_IDENTIFIER = com.DeveloperAcademy.ChalkakTests;
				PRODUCT_NAME = "$(TARGET_NAME)";
				SWIFT_EMIT_LOC_STRINGS = NO;
				SWIFT_VERSION = 5.0;
				TARGETED_DEVICE_FAMILY = "1,2";
				TEST_HOST = "$(BUILT_PRODUCTS_DIR)/Chalkak.app/$(BUNDLE_EXECUTABLE_FOLDER_PATH)/Chalkak";
			};
			name = Release;
		};
		993A1CF12E2049D60059B70A /* Debug */ = {
			isa = XCBuildConfiguration;
			buildSettings = {
				CODE_SIGN_STYLE = Automatic;
				CURRENT_PROJECT_VERSION = 1;
				DEVELOPMENT_TEAM = F83F8K6223;
				GENERATE_INFOPLIST_FILE = YES;
				MARKETING_VERSION = 1.0;
				PRODUCT_BUNDLE_IDENTIFIER = com.DeveloperAcademy.ChalkakUITests;
				PRODUCT_NAME = "$(TARGET_NAME)";
				SWIFT_EMIT_LOC_STRINGS = NO;
				SWIFT_VERSION = 5.0;
				TARGETED_DEVICE_FAMILY = "1,2";
				TEST_TARGET_NAME = Chalkak;
			};
			name = Debug;
		};
		993A1CF22E2049D60059B70A /* Release */ = {
			isa = XCBuildConfiguration;
			buildSettings = {
				CODE_SIGN_STYLE = Automatic;
				CURRENT_PROJECT_VERSION = 1;
				DEVELOPMENT_TEAM = F83F8K6223;
				GENERATE_INFOPLIST_FILE = YES;
				MARKETING_VERSION = 1.0;
				PRODUCT_BUNDLE_IDENTIFIER = com.DeveloperAcademy.ChalkakUITests;
				PRODUCT_NAME = "$(TARGET_NAME)";
				SWIFT_EMIT_LOC_STRINGS = NO;
				SWIFT_VERSION = 5.0;
				TARGETED_DEVICE_FAMILY = "1,2";
				TEST_TARGET_NAME = Chalkak;
			};
			name = Release;
		};
/* End XCBuildConfiguration section */

/* Begin XCConfigurationList section */
		993A1CC12E2049D50059B70A /* Build configuration list for PBXProject "Chalkak" */ = {
			isa = XCConfigurationList;
			buildConfigurations = (
				993A1CE82E2049D60059B70A /* Debug */,
				993A1CE92E2049D60059B70A /* Release */,
			);
			defaultConfigurationIsVisible = 0;
			defaultConfigurationName = Release;
		};
		993A1CEA2E2049D60059B70A /* Build configuration list for PBXNativeTarget "Chalkak" */ = {
			isa = XCConfigurationList;
			buildConfigurations = (
				993A1CEB2E2049D60059B70A /* Debug */,
				993A1CEC2E2049D60059B70A /* Release */,
			);
			defaultConfigurationIsVisible = 0;
			defaultConfigurationName = Release;
		};
		993A1CED2E2049D60059B70A /* Build configuration list for PBXNativeTarget "ChalkakTests" */ = {
			isa = XCConfigurationList;
			buildConfigurations = (
				993A1CEE2E2049D60059B70A /* Debug */,
				993A1CEF2E2049D60059B70A /* Release */,
			);
			defaultConfigurationIsVisible = 0;
			defaultConfigurationName = Release;
		};
		993A1CF02E2049D60059B70A /* Build configuration list for PBXNativeTarget "ChalkakUITests" */ = {
			isa = XCConfigurationList;
			buildConfigurations = (
				993A1CF12E2049D60059B70A /* Debug */,
				993A1CF22E2049D60059B70A /* Release */,
			);
			defaultConfigurationIsVisible = 0;
			defaultConfigurationName = Release;
		};
/* End XCConfigurationList section */
	};
	rootObject = 993A1CBE2E2049D50059B70A /* Project object */;
}
